
Microsoft Visual Studio Solution File, Format Version 12.00
# Visual Studio 14
VisualStudioVersion = 14.0.24720.0
MinimumVisualStudioVersion = 10.0.40219.1
Project("{FAE04EC0-301F-11D3-BF4B-00C04F79EFBC}") = "DemoPOS2", "DemoPOS2\DemoPOS2.csproj", "{936C43C7-6BC0-4390-9908-599B21B98EF5}"
EndProject
Global
	GlobalSection(SolutionConfigurationPlatforms) = preSolution
		Debug|Any CPU = Debug|Any CPU
		Release|Any CPU = Release|Any CPU
	EndGlobalSection
	GlobalSection(ProjectConfigurationPlatforms) = postSolution
		{936C43C7-6BC0-4390-9908-599B21B98EF5}.Debug|Any CPU.ActiveCfg = Debug|Any CPU
		{936C43C7-6BC0-4390-9908-599B21B98EF5}.Debug|Any CPU.Build.0 = Debug|Any CPU
		{936C43C7-6BC0-4390-9908-599B21B98EF5}.Release|Any CPU.ActiveCfg = Release|Any CPU
		{936C43C7-6BC0-4390-9908-599B21B98EF5}.Release|Any CPU.Build.0 = Release|Any CPU
	EndGlobalSection
	GlobalSection(SolutionProperties) = preSolution
		HideSolutionNode = FALSE
	EndGlobalSection
EndGlobal
