
Microsoft Visual Studio Solution File, Format Version 12.00
# Visual Studio 14
VisualStudioVersion = 14.0.24720.0
MinimumVisualStudioVersion = 10.0.40219.1
Project("{FAE04EC0-301F-11D3-BF4B-00C04F79EFBC}") = "DemoPOS", "DemoPOS\DemoPOS.csproj", "{917D89F4-3742-4B43-A338-04F21662BA10}"
EndProject
Project("{FAE04EC0-301F-11D3-BF4B-00C04F79EFBC}") = "Display", "Display\Display.csproj", "{8DE41AD0-1124-45B4-A35A-720487519EC8}"
EndProject
Project("{FAE04EC0-301F-11D3-BF4B-00C04F79EFBC}") = "KeyPad", "KeyPad\KeyPad.csproj", "{B7CCC78C-F8FB-4FB3-A2FA-9286534887F3}"
EndProject
Global
	GlobalSection(SolutionConfigurationPlatforms) = preSolution
		Debug|Any CPU = Debug|Any CPU
		Release|Any CPU = Release|Any CPU
	EndGlobalSection
	GlobalSection(ProjectConfigurationPlatforms) = postSolution
		{917D89F4-3742-4B43-A338-04F21662BA10}.Debug|Any CPU.ActiveCfg = Debug|Any CPU
		{917D89F4-3742-4B43-A338-04F21662BA10}.Debug|Any CPU.Build.0 = Debug|Any CPU
		{917D89F4-3742-4B43-A338-04F21662BA10}.Release|Any CPU.ActiveCfg = Release|Any CPU
		{917D89F4-3742-4B43-A338-04F21662BA10}.Release|Any CPU.Build.0 = Release|Any CPU
		{8DE41AD0-1124-45B4-A35A-720487519EC8}.Debug|Any CPU.ActiveCfg = Debug|Any CPU
		{8DE41AD0-1124-45B4-A35A-720487519EC8}.Debug|Any CPU.Build.0 = Debug|Any CPU
		{8DE41AD0-1124-45B4-A35A-720487519EC8}.Release|Any CPU.ActiveCfg = Release|Any CPU
		{8DE41AD0-1124-45B4-A35A-720487519EC8}.Release|Any CPU.Build.0 = Release|Any CPU
		{B7CCC78C-F8FB-4FB3-A2FA-9286534887F3}.Debug|Any CPU.ActiveCfg = Debug|Any CPU
		{B7CCC78C-F8FB-4FB3-A2FA-9286534887F3}.Debug|Any CPU.Build.0 = Debug|Any CPU
		{B7CCC78C-F8FB-4FB3-A2FA-9286534887F3}.Release|Any CPU.ActiveCfg = Release|Any CPU
		{B7CCC78C-F8FB-4FB3-A2FA-9286534887F3}.Release|Any CPU.Build.0 = Release|Any CPU
	EndGlobalSection
	GlobalSection(SolutionProperties) = preSolution
		HideSolutionNode = FALSE
	EndGlobalSection
EndGlobal
